{
	"name": "@jrstnly/ccb",
	"version": "0.11.2",
	"lockfileVersion": 3,
	"requires": true,
	"packages": {
		"": {
			"name": "@jrstnly/ccb",
			"version": "0.11.2",
			"license": "MIT",
			"dependencies": {
				"form-data": "^4.0.0",
				"got": "^14.4.7",
				"luxon": "^3.0.4",
				"rxjs": "^7.5.7",
				"uuid": "^11.1.0"
			},
			"devDependencies": {
				"@types/got": "^9.6.12",
				"@types/luxon": "^3.0.1",
				"@types/node": "^22.14.0",
				"@types/uuid": "^10.0.0",
				"tslib": "^2.4.0",
				"typescript": "^5.8.3"
			}
		},
		"node_modules/@sec-ant/readable-stream": {
			"version": "0.4.1",
			"resolved": "https://registry.npmjs.org/@sec-ant/readable-stream/-/readable-stream-0.4.1.tgz",
			"integrity": "sha512-831qok9r2t8AlxLko40y2ebgSDhenenCatLVeW/uBtnHPyhHOvG0C7TvfgecV+wHzIm5KUICgzmVpWS+IMEAeg==",
			"license": "MIT"
		},
		"node_modules/@sindresorhus/is": {
			"version": "7.0.1",
			"resolved": "https://registry.npmjs.org/@sindresorhus/is/-/is-7.0.1.tgz",
			"integrity": "sha512-QWLl2P+rsCJeofkDNIT3WFmb6NrRud1SUYW8dIhXK/46XFV8Q/g7Bsvib0Askb0reRLe+WYPeeE+l5cH7SlkuQ==",
			"license": "MIT",
			"engines": {
				"node": ">=18"
			},
			"funding": {
				"url": "https://github.com/sindresorhus/is?sponsor=1"
			}
		},
		"node_modules/@szmarczak/http-timer": {
			"version": "5.0.1",
			"resolved": "https://registry.npmjs.org/@szmarczak/http-timer/-/http-timer-5.0.1.tgz",
			"integrity": "sha512-+PmQX0PiAYPMeVYe237LJAYvOMYW1j2rH5YROyS3b4CTVJum34HfRvKvAzozHAQG0TnHNdUfY9nCeUyRAs//cw==",
			"license": "MIT",
			"dependencies": {
				"defer-to-connect": "^2.0.1"
			},
			"engines": {
				"node": ">=14.16"
			}
		},
		"node_modules/@types/got": {
			"version": "9.6.12",
			"resolved": "https://registry.npmjs.org/@types/got/-/got-9.6.12.tgz",
			"integrity": "sha512-X4pj/HGHbXVLqTpKjA2ahI4rV/nNBc9mGO2I/0CgAra+F2dKgMXnENv2SRpemScBzBAI4vMelIVYViQxlSE6xA==",
			"dev": true,
			"license": "MIT",
			"dependencies": {
				"@types/node": "*",
				"@types/tough-cookie": "*",
				"form-data": "^2.5.0"
			}
		},
		"node_modules/@types/got/node_modules/form-data": {
			"version": "2.5.3",
			"resolved": "https://registry.npmjs.org/form-data/-/form-data-2.5.3.tgz",
			"integrity": "sha512-XHIrMD0NpDrNM/Ckf7XJiBbLl57KEhT3+i3yY+eWm+cqYZJQTZrKo8Y8AWKnuV5GT4scfuUGt9LzNoIx3dU1nQ==",
			"dev": true,
			"license": "MIT",
			"dependencies": {
				"asynckit": "^0.4.0",
				"combined-stream": "^1.0.8",
				"es-set-tostringtag": "^2.1.0",
				"mime-types": "^2.1.35",
				"safe-buffer": "^5.2.1"
			},
			"engines": {
				"node": ">= 0.12"
			}
		},
		"node_modules/@types/http-cache-semantics": {
			"version": "4.0.4",
			"resolved": "https://registry.npmjs.org/@types/http-cache-semantics/-/http-cache-semantics-4.0.4.tgz",
			"integrity": "sha512-1m0bIFVc7eJWyve9S0RnuRgcQqF/Xd5QsUZAZeQFr1Q3/p9JWoQQEqmVy+DPTNpGXwhgIetAoYF8JSc33q29QA==",
			"license": "MIT"
		},
		"node_modules/@types/luxon": {
			"version": "3.6.2",
			"resolved": "https://registry.npmjs.org/@types/luxon/-/luxon-3.6.2.tgz",
			"integrity": "sha512-R/BdP7OxEMc44l2Ex5lSXHoIXTB2JLNa3y2QISIbr58U/YcsffyQrYW//hZSdrfxrjRZj3GcUoxMPGdO8gSYuw==",
			"dev": true,
			"license": "MIT"
		},
		"node_modules/@types/node": {
			"version": "22.14.0",
			"resolved": "https://registry.npmjs.org/@types/node/-/node-22.14.0.tgz",
			"integrity": "sha512-Kmpl+z84ILoG+3T/zQFyAJsU6EPTmOCj8/2+83fSN6djd6I4o7uOuGIH6vq3PrjY5BGitSbFuMN18j3iknubbA==",
			"dev": true,
			"license": "MIT",
			"dependencies": {
				"undici-types": "~6.21.0"
			}
		},
		"node_modules/@types/tough-cookie": {
			"version": "4.0.5",
			"resolved": "https://registry.npmjs.org/@types/tough-cookie/-/tough-cookie-4.0.5.tgz",
			"integrity": "sha512-/Ad8+nIOV7Rl++6f1BdKxFSMgmoqEoYbHRpPcx3JEfv8VRsQe9Z4mCXeJBzxs7mbHY/XOZZuXlRNfhpVPbs6ZA==",
			"dev": true,
			"license": "MIT"
		},
		"node_modules/@types/uuid": {
			"version": "10.0.0",
			"resolved": "https://registry.npmjs.org/@types/uuid/-/uuid-10.0.0.tgz",
			"integrity": "sha512-7gqG38EyHgyP1S+7+xomFtL+ZNHcKv6DwNaCZmJmo1vgMugyF3TCnXVg4t1uk89mLNwnLtnY3TpOpCOyp1/xHQ==",
			"dev": true,
			"license": "MIT"
		},
		"node_modules/asynckit": {
			"version": "0.4.0",
			"resolved": "https://registry.npmjs.org/asynckit/-/asynckit-0.4.0.tgz",
			"integrity": "sha512-Oei9OH4tRh0YqU3GxhX79dM/mwVgvbZJaSNaRk+bshkj0S5cfHcgYakreBjrHwatXKbz+IoIdYLxrKim2MjW0Q==",
			"license": "MIT"
		},
		"node_modules/cacheable-lookup": {
			"version": "7.0.0",
			"resolved": "https://registry.npmjs.org/cacheable-lookup/-/cacheable-lookup-7.0.0.tgz",
			"integrity": "sha512-+qJyx4xiKra8mZrcwhjMRMUhD5NR1R8esPkzIYxX96JiecFoxAXFuz/GpR3+ev4PE1WamHip78wV0vcmPQtp8w==",
			"license": "MIT",
			"engines": {
				"node": ">=14.16"
			}
		},
		"node_modules/cacheable-request": {
			"version": "12.0.1",
			"resolved": "https://registry.npmjs.org/cacheable-request/-/cacheable-request-12.0.1.tgz",
			"integrity": "sha512-Yo9wGIQUaAfIbk+qY0X4cDQgCosecfBe3V9NSyeY4qPC2SAkbCS4Xj79VP8WOzitpJUZKc/wsRCYF5ariDIwkg==",
			"license": "MIT",
			"dependencies": {
				"@types/http-cache-semantics": "^4.0.4",
				"get-stream": "^9.0.1",
				"http-cache-semantics": "^4.1.1",
				"keyv": "^4.5.4",
				"mimic-response": "^4.0.0",
				"normalize-url": "^8.0.1",
				"responselike": "^3.0.0"
			},
			"engines": {
				"node": ">=18"
			}
		},
		"node_modules/call-bind-apply-helpers": {
			"version": "1.0.2",
			"resolved": "https://registry.npmjs.org/call-bind-apply-helpers/-/call-bind-apply-helpers-1.0.2.tgz",
			"integrity": "sha512-Sp1ablJ0ivDkSzjcaJdxEunN5/XvksFJ2sMBFfq6x0ryhQV/2b/KwFe21cMpmHtPOSij8K99/wSfoEuTObmuMQ==",
			"license": "MIT",
			"dependencies": {
				"es-errors": "^1.3.0",
				"function-bind": "^1.1.2"
			},
			"engines": {
				"node": ">= 0.4"
			}
		},
		"node_modules/combined-stream": {
			"version": "1.0.8",
			"resolved": "https://registry.npmjs.org/combined-stream/-/combined-stream-1.0.8.tgz",
			"integrity": "sha512-FQN4MRfuJeHf7cBbBMJFXhKSDq+2kAArBlmRBvcvFE5BB1HZKXtSFASDhdlz9zOYwxh8lDdnvmMOe/+5cdoEdg==",
			"license": "MIT",
			"dependencies": {
				"delayed-stream": "~1.0.0"
			},
			"engines": {
				"node": ">= 0.8"
			}
		},
		"node_modules/decompress-response": {
			"version": "6.0.0",
			"resolved": "https://registry.npmjs.org/decompress-response/-/decompress-response-6.0.0.tgz",
			"integrity": "sha512-aW35yZM6Bb/4oJlZncMH2LCoZtJXTRxES17vE3hoRiowU2kWHaJKFkSBDnDR+cm9J+9QhXmREyIfv0pji9ejCQ==",
			"license": "MIT",
			"dependencies": {
				"mimic-response": "^3.1.0"
			},
			"engines": {
				"node": ">=10"
			},
			"funding": {
				"url": "https://github.com/sponsors/sindresorhus"
			}
		},
		"node_modules/decompress-response/node_modules/mimic-response": {
			"version": "3.1.0",
			"resolved": "https://registry.npmjs.org/mimic-response/-/mimic-response-3.1.0.tgz",
			"integrity": "sha512-z0yWI+4FDrrweS8Zmt4Ej5HdJmky15+L2e6Wgn3+iK5fWzb6T3fhNFq2+MeTRb064c6Wr4N/wv0DzQTjNzHNGQ==",
			"license": "MIT",
			"engines": {
				"node": ">=10"
			},
			"funding": {
				"url": "https://github.com/sponsors/sindresorhus"
			}
		},
		"node_modules/defer-to-connect": {
			"version": "2.0.1",
			"resolved": "https://registry.npmjs.org/defer-to-connect/-/defer-to-connect-2.0.1.tgz",
			"integrity": "sha512-4tvttepXG1VaYGrRibk5EwJd1t4udunSOVMdLSAL6mId1ix438oPwPZMALY41FCijukO1L0twNcGsdzS7dHgDg==",
			"license": "MIT",
			"engines": {
				"node": ">=10"
			}
		},
		"node_modules/delayed-stream": {
			"version": "1.0.0",
			"resolved": "https://registry.npmjs.org/delayed-stream/-/delayed-stream-1.0.0.tgz",
			"integrity": "sha512-ZySD7Nf91aLB0RxL4KGrKHBXl7Eds1DAmEdcoVawXnLD7SDhpNgtuII2aAkg7a7QS41jxPSZ17p4VdGnMHk3MQ==",
			"license": "MIT",
			"engines": {
				"node": ">=0.4.0"
			}
		},
		"node_modules/dunder-proto": {
			"version": "1.0.1",
			"resolved": "https://registry.npmjs.org/dunder-proto/-/dunder-proto-1.0.1.tgz",
			"integrity": "sha512-KIN/nDJBQRcXw0MLVhZE9iQHmG68qAVIBg9CqmUYjmQIhgij9U5MFvrqkUL5FbtyyzZuOeOt0zdeRe4UY7ct+A==",
			"license": "MIT",
			"dependencies": {
				"call-bind-apply-helpers": "^1.0.1",
				"es-errors": "^1.3.0",
				"gopd": "^1.2.0"
			},
			"engines": {
				"node": ">= 0.4"
			}
		},
		"node_modules/es-define-property": {
			"version": "1.0.1",
			"resolved": "https://registry.npmjs.org/es-define-property/-/es-define-property-1.0.1.tgz",
			"integrity": "sha512-e3nRfgfUZ4rNGL232gUgX06QNyyez04KdjFrF+LTRoOXmrOgFKDg4BCdsjW8EnT69eqdYGmRpJwiPVYNrCaW3g==",
			"license": "MIT",
			"engines": {
				"node": ">= 0.4"
			}
		},
		"node_modules/es-errors": {
			"version": "1.3.0",
			"resolved": "https://registry.npmjs.org/es-errors/-/es-errors-1.3.0.tgz",
			"integrity": "sha512-Zf5H2Kxt2xjTvbJvP2ZWLEICxA6j+hAmMzIlypy4xcBg1vKVnx89Wy0GbS+kf5cwCVFFzdCFh2XSCFNULS6csw==",
			"license": "MIT",
			"engines": {
				"node": ">= 0.4"
			}
		},
		"node_modules/es-object-atoms": {
			"version": "1.1.1",
			"resolved": "https://registry.npmjs.org/es-object-atoms/-/es-object-atoms-1.1.1.tgz",
			"integrity": "sha512-FGgH2h8zKNim9ljj7dankFPcICIK9Cp5bm+c2gQSYePhpaG5+esrLODihIorn+Pe6FGJzWhXQotPv73jTaldXA==",
			"license": "MIT",
			"dependencies": {
				"es-errors": "^1.3.0"
			},
			"engines": {
				"node": ">= 0.4"
			}
		},
		"node_modules/es-set-tostringtag": {
			"version": "2.1.0",
			"resolved": "https://registry.npmjs.org/es-set-tostringtag/-/es-set-tostringtag-2.1.0.tgz",
			"integrity": "sha512-j6vWzfrGVfyXxge+O0x5sh6cvxAog0a/4Rdd2K36zCMV5eJ+/+tOAngRO8cODMNWbVRdVlmGZQL2YS3yR8bIUA==",
			"license": "MIT",
			"dependencies": {
				"es-errors": "^1.3.0",
				"get-intrinsic": "^1.2.6",
				"has-tostringtag": "^1.0.2",
				"hasown": "^2.0.2"
			},
			"engines": {
				"node": ">= 0.4"
			}
		},
		"node_modules/form-data": {
			"version": "4.0.2",
			"resolved": "https://registry.npmjs.org/form-data/-/form-data-4.0.2.tgz",
			"integrity": "sha512-hGfm/slu0ZabnNt4oaRZ6uREyfCj6P4fT/n6A1rGV+Z0VdGXjfOhVUpkn6qVQONHGIFwmveGXyDs75+nr6FM8w==",
			"license": "MIT",
			"dependencies": {
				"asynckit": "^0.4.0",
				"combined-stream": "^1.0.8",
				"es-set-tostringtag": "^2.1.0",
				"mime-types": "^2.1.12"
			},
			"engines": {
				"node": ">= 6"
			}
		},
		"node_modules/form-data-encoder": {
			"version": "4.0.2",
			"resolved": "https://registry.npmjs.org/form-data-encoder/-/form-data-encoder-4.0.2.tgz",
			"integrity": "sha512-KQVhvhK8ZkWzxKxOr56CPulAhH3dobtuQ4+hNQ+HekH/Wp5gSOafqRAeTphQUJAIk0GBvHZgJ2ZGRWd5kphMuw==",
			"license": "MIT",
			"engines": {
				"node": ">= 18"
			}
		},
		"node_modules/function-bind": {
			"version": "1.1.2",
			"resolved": "https://registry.npmjs.org/function-bind/-/function-bind-1.1.2.tgz",
			"integrity": "sha512-7XHNxH7qX9xG5mIwxkhumTox/MIRNcOgDrxWsMt2pAr23WHp6MrRlN7FBSFpCpr+oVO0F744iUgR82nJMfG2SA==",
			"license": "MIT",
			"funding": {
				"url": "https://github.com/sponsors/ljharb"
			}
		},
		"node_modules/get-intrinsic": {
			"version": "1.3.0",
			"resolved": "https://registry.npmjs.org/get-intrinsic/-/get-intrinsic-1.3.0.tgz",
			"integrity": "sha512-9fSjSaos/fRIVIp+xSJlE6lfwhES7LNtKaCBIamHsjr2na1BiABJPo0mOjjz8GJDURarmCPGqaiVg5mfjb98CQ==",
			"license": "MIT",
			"dependencies": {
				"call-bind-apply-helpers": "^1.0.2",
				"es-define-property": "^1.0.1",
				"es-errors": "^1.3.0",
				"es-object-atoms": "^1.1.1",
				"function-bind": "^1.1.2",
				"get-proto": "^1.0.1",
				"gopd": "^1.2.0",
				"has-symbols": "^1.1.0",
				"hasown": "^2.0.2",
				"math-intrinsics": "^1.1.0"
			},
			"engines": {
				"node": ">= 0.4"
			},
			"funding": {
				"url": "https://github.com/sponsors/ljharb"
			}
		},
		"node_modules/get-proto": {
			"version": "1.0.1",
			"resolved": "https://registry.npmjs.org/get-proto/-/get-proto-1.0.1.tgz",
			"integrity": "sha512-sTSfBjoXBp89JvIKIefqw7U2CCebsc74kiY6awiGogKtoSGbgjYE/G/+l9sF3MWFPNc9IcoOC4ODfKHfxFmp0g==",
			"license": "MIT",
			"dependencies": {
				"dunder-proto": "^1.0.1",
				"es-object-atoms": "^1.0.0"
			},
			"engines": {
				"node": ">= 0.4"
			}
		},
		"node_modules/get-stream": {
			"version": "9.0.1",
			"resolved": "https://registry.npmjs.org/get-stream/-/get-stream-9.0.1.tgz",
			"integrity": "sha512-kVCxPF3vQM/N0B1PmoqVUqgHP+EeVjmZSQn+1oCRPxd2P21P2F19lIgbR3HBosbB1PUhOAoctJnfEn2GbN2eZA==",
			"license": "MIT",
			"dependencies": {
				"@sec-ant/readable-stream": "^0.4.1",
				"is-stream": "^4.0.1"
			},
			"engines": {
				"node": ">=18"
			},
			"funding": {
				"url": "https://github.com/sponsors/sindresorhus"
			}
		},
		"node_modules/gopd": {
			"version": "1.2.0",
			"resolved": "https://registry.npmjs.org/gopd/-/gopd-1.2.0.tgz",
			"integrity": "sha512-ZUKRh6/kUFoAiTAtTYPZJ3hw9wNxx+BIBOijnlG9PnrJsCcSjs1wyyD6vJpaYtgnzDrKYRSqf3OO6Rfa93xsRg==",
			"license": "MIT",
			"engines": {
				"node": ">= 0.4"
			},
			"funding": {
				"url": "https://github.com/sponsors/ljharb"
			}
		},
		"node_modules/got": {
			"version": "14.4.7",
			"resolved": "https://registry.npmjs.org/got/-/got-14.4.7.tgz",
			"integrity": "sha512-DI8zV1231tqiGzOiOzQWDhsBmncFW7oQDH6Zgy6pDPrqJuVZMtoSgPLLsBZQj8Jg4JFfwoOsDA8NGtLQLnIx2g==",
			"license": "MIT",
			"dependencies": {
				"@sindresorhus/is": "^7.0.1",
				"@szmarczak/http-timer": "^5.0.1",
				"cacheable-lookup": "^7.0.0",
				"cacheable-request": "^12.0.1",
				"decompress-response": "^6.0.0",
				"form-data-encoder": "^4.0.2",
				"http2-wrapper": "^2.2.1",
				"lowercase-keys": "^3.0.0",
				"p-cancelable": "^4.0.1",
				"responselike": "^3.0.0",
				"type-fest": "^4.26.1"
			},
			"engines": {
				"node": ">=20"
			},
			"funding": {
				"url": "https://github.com/sindresorhus/got?sponsor=1"
			}
		},
		"node_modules/has-symbols": {
			"version": "1.1.0",
			"resolved": "https://registry.npmjs.org/has-symbols/-/has-symbols-1.1.0.tgz",
			"integrity": "sha512-1cDNdwJ2Jaohmb3sg4OmKaMBwuC48sYni5HUw2DvsC8LjGTLK9h+eb1X6RyuOHe4hT0ULCW68iomhjUoKUqlPQ==",
			"license": "MIT",
			"engines": {
				"node": ">= 0.4"
			},
			"funding": {
				"url": "https://github.com/sponsors/ljharb"
			}
		},
		"node_modules/has-tostringtag": {
			"version": "1.0.2",
			"resolved": "https://registry.npmjs.org/has-tostringtag/-/has-tostringtag-1.0.2.tgz",
			"integrity": "sha512-NqADB8VjPFLM2V0VvHUewwwsw0ZWBaIdgo+ieHtK3hasLz4qeCRjYcqfB6AQrBggRKppKF8L52/VqdVsO47Dlw==",
			"license": "MIT",
			"dependencies": {
				"has-symbols": "^1.0.3"
			},
			"engines": {
				"node": ">= 0.4"
			},
			"funding": {
				"url": "https://github.com/sponsors/ljharb"
			}
		},
		"node_modules/hasown": {
			"version": "2.0.2",
			"resolved": "https://registry.npmjs.org/hasown/-/hasown-2.0.2.tgz",
			"integrity": "sha512-0hJU9SCPvmMzIBdZFqNPXWa6dqh7WdH0cII9y+CyS8rG3nL48Bclra9HmKhVVUHyPWNH5Y7xDwAB7bfgSjkUMQ==",
			"license": "MIT",
			"dependencies": {
				"function-bind": "^1.1.2"
			},
			"engines": {
				"node": ">= 0.4"
			}
		},
		"node_modules/http-cache-semantics": {
			"version": "4.1.1",
			"resolved": "https://registry.npmjs.org/http-cache-semantics/-/http-cache-semantics-4.1.1.tgz",
			"integrity": "sha512-er295DKPVsV82j5kw1Gjt+ADA/XYHsajl82cGNQG2eyoPkvgUhX+nDIyelzhIWbbsXP39EHcI6l5tYs2FYqYXQ==",
			"license": "BSD-2-Clause"
		},
		"node_modules/http2-wrapper": {
			"version": "2.2.1",
			"resolved": "https://registry.npmjs.org/http2-wrapper/-/http2-wrapper-2.2.1.tgz",
			"integrity": "sha512-V5nVw1PAOgfI3Lmeaj2Exmeg7fenjhRUgz1lPSezy1CuhPYbgQtbQj4jZfEAEMlaL+vupsvhjqCyjzob0yxsmQ==",
			"license": "MIT",
			"dependencies": {
				"quick-lru": "^5.1.1",
				"resolve-alpn": "^1.2.0"
			},
			"engines": {
				"node": ">=10.19.0"
			}
		},
		"node_modules/is-stream": {
			"version": "4.0.1",
			"resolved": "https://registry.npmjs.org/is-stream/-/is-stream-4.0.1.tgz",
			"integrity": "sha512-Dnz92NInDqYckGEUJv689RbRiTSEHCQ7wOVeALbkOz999YpqT46yMRIGtSNl2iCL1waAZSx40+h59NV/EwzV/A==",
			"license": "MIT",
			"engines": {
				"node": ">=18"
			},
			"funding": {
				"url": "https://github.com/sponsors/sindresorhus"
			}
		},
		"node_modules/json-buffer": {
			"version": "3.0.1",
			"resolved": "https://registry.npmjs.org/json-buffer/-/json-buffer-3.0.1.tgz",
			"integrity": "sha512-4bV5BfR2mqfQTJm+V5tPPdf+ZpuhiIvTuAB5g8kcrXOZpTT/QwwVRWBywX1ozr6lEuPdbHxwaJlm9G6mI2sfSQ==",
			"license": "MIT"
		},
		"node_modules/keyv": {
			"version": "4.5.4",
			"resolved": "https://registry.npmjs.org/keyv/-/keyv-4.5.4.tgz",
			"integrity": "sha512-oxVHkHR/EJf2CNXnWxRLW6mg7JyCCUcG0DtEGmL2ctUo1PNTin1PUil+r/+4r5MpVgC/fn1kjsx7mjSujKqIpw==",
			"license": "MIT",
			"dependencies": {
				"json-buffer": "3.0.1"
			}
		},
		"node_modules/lowercase-keys": {
			"version": "3.0.0",
			"resolved": "https://registry.npmjs.org/lowercase-keys/-/lowercase-keys-3.0.0.tgz",
			"integrity": "sha512-ozCC6gdQ+glXOQsveKD0YsDy8DSQFjDTz4zyzEHNV5+JP5D62LmfDZ6o1cycFx9ouG940M5dE8C8CTewdj2YWQ==",
			"license": "MIT",
			"engines": {
				"node": "^12.20.0 || ^14.13.1 || >=16.0.0"
			},
			"funding": {
				"url": "https://github.com/sponsors/sindresorhus"
			}
		},
		"node_modules/luxon": {
			"version": "3.6.1",
			"resolved": "https://registry.npmjs.org/luxon/-/luxon-3.6.1.tgz",
			"integrity": "sha512-tJLxrKJhO2ukZ5z0gyjY1zPh3Rh88Ej9P7jNrZiHMUXHae1yvI2imgOZtL1TO8TW6biMMKfTtAOoEJANgtWBMQ==",
			"license": "MIT",
			"engines": {
				"node": ">=12"
			}
		},
		"node_modules/math-intrinsics": {
			"version": "1.1.0",
			"resolved": "https://registry.npmjs.org/math-intrinsics/-/math-intrinsics-1.1.0.tgz",
			"integrity": "sha512-/IXtbwEk5HTPyEwyKX6hGkYXxM9nbj64B+ilVJnC/R6B0pH5G4V3b0pVbL7DBj4tkhBAppbQUlf6F6Xl9LHu1g==",
			"license": "MIT",
			"engines": {
				"node": ">= 0.4"
			}
		},
		"node_modules/mime-db": {
			"version": "1.52.0",
			"resolved": "https://registry.npmjs.org/mime-db/-/mime-db-1.52.0.tgz",
			"integrity": "sha512-sPU4uV7dYlvtWJxwwxHD0PuihVNiE7TyAbQ5SWxDCB9mUYvOgroQOwYQQOKPJ8CIbE+1ETVlOoK1UC2nU3gYvg==",
			"license": "MIT",
			"engines": {
				"node": ">= 0.6"
			}
		},
		"node_modules/mime-types": {
			"version": "2.1.35",
			"resolved": "https://registry.npmjs.org/mime-types/-/mime-types-2.1.35.tgz",
			"integrity": "sha512-ZDY+bPm5zTTF+YpCrAU9nK0UgICYPT0QtT1NZWFv4s++TNkcgVaT0g6+4R2uI4MjQjzysHB1zxuWL50hzaeXiw==",
			"license": "MIT",
			"dependencies": {
				"mime-db": "1.52.0"
			},
			"engines": {
				"node": ">= 0.6"
			}
		},
		"node_modules/mimic-response": {
			"version": "4.0.0",
			"resolved": "https://registry.npmjs.org/mimic-response/-/mimic-response-4.0.0.tgz",
			"integrity": "sha512-e5ISH9xMYU0DzrT+jl8q2ze9D6eWBto+I8CNpe+VI+K2J/F/k3PdkdTdz4wvGVH4NTpo+NRYTVIuMQEMMcsLqg==",
			"license": "MIT",
			"engines": {
				"node": "^12.20.0 || ^14.13.1 || >=16.0.0"
			},
			"funding": {
				"url": "https://github.com/sponsors/sindresorhus"
			}
		},
		"node_modules/normalize-url": {
			"version": "8.0.1",
			"resolved": "https://registry.npmjs.org/normalize-url/-/normalize-url-8.0.1.tgz",
			"integrity": "sha512-IO9QvjUMWxPQQhs60oOu10CRkWCiZzSUkzbXGGV9pviYl1fXYcvkzQ5jV9z8Y6un8ARoVRl4EtC6v6jNqbaJ/w==",
			"license": "MIT",
			"engines": {
				"node": ">=14.16"
			},
			"funding": {
				"url": "https://github.com/sponsors/sindresorhus"
			}
		},
		"node_modules/p-cancelable": {
			"version": "4.0.1",
			"resolved": "https://registry.npmjs.org/p-cancelable/-/p-cancelable-4.0.1.tgz",
			"integrity": "sha512-wBowNApzd45EIKdO1LaU+LrMBwAcjfPaYtVzV3lmfM3gf8Z4CHZsiIqlM8TZZ8okYvh5A1cP6gTfCRQtwUpaUg==",
			"license": "MIT",
			"engines": {
				"node": ">=14.16"
			}
		},
		"node_modules/quick-lru": {
			"version": "5.1.1",
			"resolved": "https://registry.npmjs.org/quick-lru/-/quick-lru-5.1.1.tgz",
			"integrity": "sha512-WuyALRjWPDGtt/wzJiadO5AXY+8hZ80hVpe6MyivgraREW751X3SbhRvG3eLKOYN+8VEvqLcf3wdnt44Z4S4SA==",
			"license": "MIT",
			"engines": {
				"node": ">=10"
			},
			"funding": {
				"url": "https://github.com/sponsors/sindresorhus"
			}
		},
		"node_modules/resolve-alpn": {
			"version": "1.2.1",
			"resolved": "https://registry.npmjs.org/resolve-alpn/-/resolve-alpn-1.2.1.tgz",
			"integrity": "sha512-0a1F4l73/ZFZOakJnQ3FvkJ2+gSTQWz/r2KE5OdDY0TxPm5h4GkqkWWfM47T7HsbnOtcJVEF4epCVy6u7Q3K+g==",
			"license": "MIT"
		},
		"node_modules/responselike": {
			"version": "3.0.0",
			"resolved": "https://registry.npmjs.org/responselike/-/responselike-3.0.0.tgz",
			"integrity": "sha512-40yHxbNcl2+rzXvZuVkrYohathsSJlMTXKryG5y8uciHv1+xDLHQpgjG64JUO9nrEq2jGLH6IZ8BcZyw3wrweg==",
			"license": "MIT",
			"dependencies": {
				"lowercase-keys": "^3.0.0"
			},
			"engines": {
				"node": ">=14.16"
			},
			"funding": {
				"url": "https://github.com/sponsors/sindresorhus"
			}
		},
		"node_modules/rxjs": {
			"version": "7.8.2",
			"resolved": "https://registry.npmjs.org/rxjs/-/rxjs-7.8.2.tgz",
			"integrity": "sha512-dhKf903U/PQZY6boNNtAGdWbG85WAbjT/1xYoZIC7FAY0yWapOBQVsVrDl58W86//e1VpMNBtRV4MaXfdMySFA==",
			"license": "Apache-2.0",
			"dependencies": {
				"tslib": "^2.1.0"
			}
		},
		"node_modules/safe-buffer": {
			"version": "5.2.1",
			"resolved": "https://registry.npmjs.org/safe-buffer/-/safe-buffer-5.2.1.tgz",
			"integrity": "sha512-rp3So07KcdmmKbGvgaNxQSJr7bGVSVk5S9Eq1F+ppbRo70+YeaDxkw5Dd8NPN+GD6bjnYm2VuPuCXmpuYvmCXQ==",
			"dev": true,
			"funding": [
				{
					"type": "github",
					"url": "https://github.com/sponsors/feross"
				},
				{
					"type": "patreon",
					"url": "https://www.patreon.com/feross"
				},
				{
					"type": "consulting",
					"url": "https://feross.org/support"
				}
			],
			"license": "MIT"
		},
		"node_modules/tslib": {
			"version": "2.8.1",
			"resolved": "https://registry.npmjs.org/tslib/-/tslib-2.8.1.tgz",
			"integrity": "sha512-oJFu94HQb+KVduSUQL7wnpmqnfmLsOA/nAh6b6EH0wCEoK0/mPeXU6c3wKDV83MkOuHPRHtSXKKU99IBazS/2w==",
			"license": "0BSD"
		},
		"node_modules/type-fest": {
			"version": "4.39.1",
			"resolved": "https://registry.npmjs.org/type-fest/-/type-fest-4.39.1.tgz",
			"integrity": "sha512-uW9qzd66uyHYxwyVBYiwS4Oi0qZyUqwjU+Oevr6ZogYiXt99EOYtwvzMSLw1c3lYo2HzJsep/NB23iEVEgjG/w==",
			"license": "(MIT OR CC0-1.0)",
			"engines": {
				"node": ">=16"
			},
			"funding": {
				"url": "https://github.com/sponsors/sindresorhus"
			}
		},
		"node_modules/typescript": {
			"version": "5.8.3",
			"resolved": "https://registry.npmjs.org/typescript/-/typescript-5.8.3.tgz",
			"integrity": "sha512-p1diW6TqL9L07nNxvRMM7hMMw4c5XOo/1ibL4aAIGmSAt9slTE1Xgw5KWuof2uTOvCg9BY7ZRi+GaF+7sfgPeQ==",
			"dev": true,
			"license": "Apache-2.0",
			"bin": {
				"tsc": "bin/tsc",
				"tsserver": "bin/tsserver"
			},
			"engines": {
				"node": ">=14.17"
			}
		},
		"node_modules/undici-types": {
			"version": "6.21.0",
			"resolved": "https://registry.npmjs.org/undici-types/-/undici-types-6.21.0.tgz",
			"integrity": "sha512-iwDZqg0QAGrg9Rav5H4n0M64c3mkR59cJ6wQp+7C4nI0gsmExaedaYLNO44eT4AtBBwjbTiGPMlt2Md0T9H9JQ==",
			"dev": true,
			"license": "MIT"
		},
		"node_modules/uuid": {
			"version": "11.1.0",
			"resolved": "https://registry.npmjs.org/uuid/-/uuid-11.1.0.tgz",
			"integrity": "sha512-0/A9rDy9P7cJ+8w1c9WD9V//9Wj15Ce2MPz8Ri6032usz+NfePxx5AcN3bN+r6ZL6jEo066/yNYB3tn4pQEx+A==",
			"funding": [
				"https://github.com/sponsors/broofa",
				"https://github.com/sponsors/ctavan"
			],
			"license": "MIT",
			"bin": {
				"uuid": "dist/esm/bin/uuid"
			}
		}
	}
}
