{
	"name": "node-ccb-sample",
	"version": "1.0.0",
	"lockfileVersion": 2,
	"requires": true,
	"packages": {
		"": {
			"name": "node-ccb-sample",
			"version": "1.0.0",
			"license": "ISC",
			"dependencies": {
				"dotenv": "^10.0.0",
				"lowdb": "^2.1.0"
			},
			"devDependencies": {
				"@types/lowdb": "^1.0.11",
				"typescript": "^4.3.5"
			}
		},
		"node_modules/@types/lodash": {
			"version": "4.14.171",
			"resolved": "https://registry.npmjs.org/@types/lodash/-/lodash-4.14.171.tgz",
			"integrity": "sha512-7eQ2xYLLI/LsicL2nejW9Wyko3lcpN6O/z0ZLHrEQsg280zIdCv1t/0m6UtBjUHokCGBQ3gYTbHzDkZ1xOBwwg==",
			"dev": true
		},
		"node_modules/@types/lowdb": {
			"version": "1.0.11",
			"resolved": "https://registry.npmjs.org/@types/lowdb/-/lowdb-1.0.11.tgz",
			"integrity": "sha512-h99VMxvTuz+VsXUVCCJo4dsps4vbkXwvU71TpmxDoiBU24bJ0VBygIHgmMm+UPoQIFihmV6euRik4z8J7XDJWg==",
			"dev": true,
			"dependencies": {
				"@types/lodash": "*"
			}
		},
		"node_modules/dotenv": {
			"version": "10.0.0",
			"resolved": "https://registry.npmjs.org/dotenv/-/dotenv-10.0.0.tgz",
			"integrity": "sha512-rlBi9d8jpv9Sf1klPjNfFAuWDjKLwTIJJ/VxtoTwIR6hnZxcEOQCZg2oIL3MWBYw5GpUDKOEnND7LXTbIpQ03Q==",
			"engines": {
				"node": ">=10"
			}
		},
		"node_modules/lowdb": {
			"version": "2.1.0",
			"resolved": "https://registry.npmjs.org/lowdb/-/lowdb-2.1.0.tgz",
			"integrity": "sha512-F4Go8/V37gAidTR3c5poyjprOpZSDNSLJVOmI0ny4D4q9rC37OkBhlzX0bqj7LZlT3UIj4FchmZrrSw7qY+eGQ==",
			"dependencies": {
				"steno": "^1.0.0"
			},
			"engines": {
				"node": "^12.20.0 || ^14.13.1 || >=16.0.0"
			}
		},
		"node_modules/steno": {
			"version": "1.0.0",
			"resolved": "https://registry.npmjs.org/steno/-/steno-1.0.0.tgz",
			"integrity": "sha512-C/KgCvEa1yWnpHmaPjAXrz1yWxh6hs+HvhqqPa71euaQmNi1wr4+WFo57VQxjKKuFl2KqS7gtlrN0oxj2noQLw=="
		},
		"node_modules/typescript": {
			"version": "4.3.5",
			"resolved": "https://registry.npmjs.org/typescript/-/typescript-4.3.5.tgz",
			"integrity": "sha512-DqQgihaQ9cUrskJo9kIyW/+g0Vxsk8cDtZ52a3NGh0YNTfpUSArXSohyUGnvbPazEPLu398C0UxmKSOrPumUzA==",
			"dev": true,
			"bin": {
				"tsc": "bin/tsc",
				"tsserver": "bin/tsserver"
			},
			"engines": {
				"node": ">=4.2.0"
			}
		}
	},
	"dependencies": {
		"@types/lodash": {
			"version": "4.14.171",
			"resolved": "https://registry.npmjs.org/@types/lodash/-/lodash-4.14.171.tgz",
			"integrity": "sha512-7eQ2xYLLI/LsicL2nejW9Wyko3lcpN6O/z0ZLHrEQsg280zIdCv1t/0m6UtBjUHokCGBQ3gYTbHzDkZ1xOBwwg==",
			"dev": true
		},
		"@types/lowdb": {
			"version": "1.0.11",
			"resolved": "https://registry.npmjs.org/@types/lowdb/-/lowdb-1.0.11.tgz",
			"integrity": "sha512-h99VMxvTuz+VsXUVCCJo4dsps4vbkXwvU71TpmxDoiBU24bJ0VBygIHgmMm+UPoQIFihmV6euRik4z8J7XDJWg==",
			"dev": true,
			"requires": {
				"@types/lodash": "*"
			}
		},
		"dotenv": {
			"version": "10.0.0",
			"resolved": "https://registry.npmjs.org/dotenv/-/dotenv-10.0.0.tgz",
			"integrity": "sha512-rlBi9d8jpv9Sf1klPjNfFAuWDjKLwTIJJ/VxtoTwIR6hnZxcEOQCZg2oIL3MWBYw5GpUDKOEnND7LXTbIpQ03Q=="
		},
		"lowdb": {
			"version": "2.1.0",
			"resolved": "https://registry.npmjs.org/lowdb/-/lowdb-2.1.0.tgz",
			"integrity": "sha512-F4Go8/V37gAidTR3c5poyjprOpZSDNSLJVOmI0ny4D4q9rC37OkBhlzX0bqj7LZlT3UIj4FchmZrrSw7qY+eGQ==",
			"requires": {
				"steno": "^1.0.0"
			}
		},
		"steno": {
			"version": "1.0.0",
			"resolved": "https://registry.npmjs.org/steno/-/steno-1.0.0.tgz",
			"integrity": "sha512-C/KgCvEa1yWnpHmaPjAXrz1yWxh6hs+HvhqqPa71euaQmNi1wr4+WFo57VQxjKKuFl2KqS7gtlrN0oxj2noQLw=="
		},
		"typescript": {
			"version": "4.3.5",
			"resolved": "https://registry.npmjs.org/typescript/-/typescript-4.3.5.tgz",
			"integrity": "sha512-DqQgihaQ9cUrskJo9kIyW/+g0Vxsk8cDtZ52a3NGh0YNTfpUSArXSohyUGnvbPazEPLu398C0UxmKSOrPumUzA==",
			"dev": true
		}
	}
}
