{
	"name": "node-ccb-sample",
	"version": "1.0.0",
	"lockfileVersion": 2,
	"requires": true,
	"packages": {
		"": {
			"name": "node-ccb-sample",
			"version": "1.0.0",
			"license": "ISC",
			"dependencies": {
				"@jrstnly/ccb": "file:..",
				"dotenv": "^16.0.3",
				"lowdb": "^3.0.0"
			},
			"devDependencies": {
				"@types/lowdb": "^1.0.11",
				"typescript": "^4.8.4"
			}
		},
		"..": {
			"name": "@jrstnly/ccb",
			"version": "0.9.1",
			"license": "MIT",
			"dependencies": {
				"form-data": "^4.0.0",
				"got": "^12.5.1",
				"luxon": "^3.0.4",
				"mime-types": "^2.1.35",
				"mmmagic": "^0.5.3",
				"rxjs": "^7.5.7",
				"uuid": "^9.0.0"
			},
			"devDependencies": {
				"@types/got": "^9.6.12",
				"@types/luxon": "^3.0.1",
				"@types/mime-types": "^2.1.1",
				"@types/mmmagic": "^0.4.30",
				"@types/node": "^18.8.2",
				"@types/uuid": "^8.3.4",
				"tslib": "^2.4.0",
				"typescript": "^4.8.4"
			}
		},
		"../dist": {
			"extraneous": true
		},
		"node_modules/@jrstnly/ccb": {
			"resolved": "..",
			"link": true
		},
		"node_modules/@types/lodash": {
			"version": "4.14.171",
			"resolved": "https://registry.npmjs.org/@types/lodash/-/lodash-4.14.171.tgz",
			"integrity": "sha512-7eQ2xYLLI/LsicL2nejW9Wyko3lcpN6O/z0ZLHrEQsg280zIdCv1t/0m6UtBjUHokCGBQ3gYTbHzDkZ1xOBwwg==",
			"dev": true
		},
		"node_modules/@types/lowdb": {
			"version": "1.0.11",
			"resolved": "https://registry.npmjs.org/@types/lowdb/-/lowdb-1.0.11.tgz",
			"integrity": "sha512-h99VMxvTuz+VsXUVCCJo4dsps4vbkXwvU71TpmxDoiBU24bJ0VBygIHgmMm+UPoQIFihmV6euRik4z8J7XDJWg==",
			"dev": true,
			"dependencies": {
				"@types/lodash": "*"
			}
		},
		"node_modules/dotenv": {
			"version": "16.0.3",
			"resolved": "https://registry.npmjs.org/dotenv/-/dotenv-16.0.3.tgz",
			"integrity": "sha512-7GO6HghkA5fYG9TYnNxi14/7K9f5occMlp3zXAuSxn7CKCxt9xbNWG7yF8hTCSUchlfWSe3uLmlPfigevRItzQ==",
			"engines": {
				"node": ">=12"
			}
		},
		"node_modules/lowdb": {
			"version": "3.0.0",
			"resolved": "https://registry.npmjs.org/lowdb/-/lowdb-3.0.0.tgz",
			"integrity": "sha512-9KZRulmIcU8fZuWiaM0d5e2/nPnrFyXkeXVpqT+MJS+vgbgOf1EbtvgQmba8HwUFgDl1oeZR6XqEJnkJmQdKmg==",
			"dependencies": {
				"steno": "^2.1.0"
			},
			"engines": {
				"node": "^12.20.0 || ^14.13.1 || >=16.0.0"
			},
			"funding": {
				"url": "https://github.com/sponsors/typicode"
			}
		},
		"node_modules/steno": {
			"version": "2.1.0",
			"resolved": "https://registry.npmjs.org/steno/-/steno-2.1.0.tgz",
			"integrity": "sha512-mauOsiaqTNGFkWqIfwcm3y/fq+qKKaIWf1vf3ocOuTdco9XoHCO2AGF1gFYXuZFSWuP38Q8LBHBGJv2KnJSXyA==",
			"engines": {
				"node": "^14.13.1 || >=16.0.0"
			},
			"funding": {
				"url": "https://github.com/sponsors/typicode"
			}
		},
		"node_modules/typescript": {
			"version": "4.8.4",
			"resolved": "https://registry.npmjs.org/typescript/-/typescript-4.8.4.tgz",
			"integrity": "sha512-QCh+85mCy+h0IGff8r5XWzOVSbBO+KfeYrMQh7NJ58QujwcE22u+NUSmUxqF+un70P9GXKxa2HCNiTTMJknyjQ==",
			"dev": true,
			"bin": {
				"tsc": "bin/tsc",
				"tsserver": "bin/tsserver"
			},
			"engines": {
				"node": ">=4.2.0"
			}
		}
	},
	"dependencies": {
		"@jrstnly/ccb": {
			"version": "file:..",
			"requires": {
				"@types/got": "^9.6.12",
				"@types/luxon": "^3.0.1",
				"@types/mime-types": "^2.1.1",
				"@types/mmmagic": "^0.4.30",
				"@types/node": "^18.8.2",
				"@types/uuid": "^8.3.4",
				"form-data": "^4.0.0",
				"got": "^12.5.1",
				"luxon": "^3.0.4",
				"mime-types": "^2.1.35",
				"mmmagic": "^0.5.3",
				"rxjs": "^7.5.7",
				"tslib": "^2.4.0",
				"typescript": "^4.8.4",
				"uuid": "^9.0.0"
			}
		},
		"@types/lodash": {
			"version": "4.14.171",
			"resolved": "https://registry.npmjs.org/@types/lodash/-/lodash-4.14.171.tgz",
			"integrity": "sha512-7eQ2xYLLI/LsicL2nejW9Wyko3lcpN6O/z0ZLHrEQsg280zIdCv1t/0m6UtBjUHokCGBQ3gYTbHzDkZ1xOBwwg==",
			"dev": true
		},
		"@types/lowdb": {
			"version": "1.0.11",
			"resolved": "https://registry.npmjs.org/@types/lowdb/-/lowdb-1.0.11.tgz",
			"integrity": "sha512-h99VMxvTuz+VsXUVCCJo4dsps4vbkXwvU71TpmxDoiBU24bJ0VBygIHgmMm+UPoQIFihmV6euRik4z8J7XDJWg==",
			"dev": true,
			"requires": {
				"@types/lodash": "*"
			}
		},
		"dotenv": {
			"version": "16.0.3",
			"resolved": "https://registry.npmjs.org/dotenv/-/dotenv-16.0.3.tgz",
			"integrity": "sha512-7GO6HghkA5fYG9TYnNxi14/7K9f5occMlp3zXAuSxn7CKCxt9xbNWG7yF8hTCSUchlfWSe3uLmlPfigevRItzQ=="
		},
		"lowdb": {
			"version": "3.0.0",
			"resolved": "https://registry.npmjs.org/lowdb/-/lowdb-3.0.0.tgz",
			"integrity": "sha512-9KZRulmIcU8fZuWiaM0d5e2/nPnrFyXkeXVpqT+MJS+vgbgOf1EbtvgQmba8HwUFgDl1oeZR6XqEJnkJmQdKmg==",
			"requires": {
				"steno": "^2.1.0"
			}
		},
		"steno": {
			"version": "2.1.0",
			"resolved": "https://registry.npmjs.org/steno/-/steno-2.1.0.tgz",
			"integrity": "sha512-mauOsiaqTNGFkWqIfwcm3y/fq+qKKaIWf1vf3ocOuTdco9XoHCO2AGF1gFYXuZFSWuP38Q8LBHBGJv2KnJSXyA=="
		},
		"typescript": {
			"version": "4.8.4",
			"resolved": "https://registry.npmjs.org/typescript/-/typescript-4.8.4.tgz",
			"integrity": "sha512-QCh+85mCy+h0IGff8r5XWzOVSbBO+KfeYrMQh7NJ58QujwcE22u+NUSmUxqF+un70P9GXKxa2HCNiTTMJknyjQ==",
			"dev": true
		}
	}
}
